
Microsoft Visual Studio Solution File, Format Version 12.00
# Visual Studio Version 17
VisualStudioVersion = 17.3.32929.385
MinimumVisualStudioVersion = 10.0.40219.1
Project("{FAE04EC0-301F-11D3-BF4B-00C04F79EFBC}") = "Petzy.Appointent.API", "Petzy.Appointent.API\Petzy.Appointent.API.csproj", "{E63EA046-A6F4-41A7-99AA-E77FAEB5E1C7}"
EndProject
Project("{2150E333-8FDC-42A3-9474-1A3956D46DE8}") = "Petzy Appointment API Layer", "Petzy Appointment API Layer", "{45EF44E1-FE05-406F-B925-C1A9AB7AE8A9}"
EndProject
Project("{2150E333-8FDC-42A3-9474-1A3956D46DE8}") = "Petzy Appointment Domain Layer", "Petzy Appointment Domain Layer", "{3DC0D545-8B78-4545-BF38-D8943181643E}"
EndProject
Project("{2150E333-8FDC-42A3-9474-1A3956D46DE8}") = "Petzy Appointment Data Layer", "Petzy Appointment Data Layer", "{D98CB3F4-061E-4901-BEDE-7F3BBCC9C23C}"
EndProject
Project("{FAE04EC0-301F-11D3-BF4B-00C04F79EFBC}") = "Petzy.Appointment.Data", "Petzy.Appointment.Data\Petzy.Appointment.Data.csproj", "{4F189851-9EA3-4D46-8593-C57B680E188D}"
EndProject
Project("{FAE04EC0-301F-11D3-BF4B-00C04F79EFBC}") = "Petzy.Appointment.Domain", "Petzy.Appointment.Domain\Petzy.Appointment.Domain.csproj", "{71821EE8-9AE5-4CC1-8457-7D0F2FF6FE16}"
EndProject
Global
	GlobalSection(SolutionConfigurationPlatforms) = preSolution
		Debug|Any CPU = Debug|Any CPU
		Release|Any CPU = Release|Any CPU
	EndGlobalSection
	GlobalSection(ProjectConfigurationPlatforms) = postSolution
		{E63EA046-A6F4-41A7-99AA-E77FAEB5E1C7}.Debug|Any CPU.ActiveCfg = Debug|Any CPU
		{E63EA046-A6F4-41A7-99AA-E77FAEB5E1C7}.Debug|Any CPU.Build.0 = Debug|Any CPU
		{E63EA046-A6F4-41A7-99AA-E77FAEB5E1C7}.Release|Any CPU.ActiveCfg = Release|Any CPU
		{E63EA046-A6F4-41A7-99AA-E77FAEB5E1C7}.Release|Any CPU.Build.0 = Release|Any CPU
		{4F189851-9EA3-4D46-8593-C57B680E188D}.Debug|Any CPU.ActiveCfg = Debug|Any CPU
		{4F189851-9EA3-4D46-8593-C57B680E188D}.Debug|Any CPU.Build.0 = Debug|Any CPU
		{4F189851-9EA3-4D46-8593-C57B680E188D}.Release|Any CPU.ActiveCfg = Release|Any CPU
		{4F189851-9EA3-4D46-8593-C57B680E188D}.Release|Any CPU.Build.0 = Release|Any CPU
		{71821EE8-9AE5-4CC1-8457-7D0F2FF6FE16}.Debug|Any CPU.ActiveCfg = Debug|Any CPU
		{71821EE8-9AE5-4CC1-8457-7D0F2FF6FE16}.Debug|Any CPU.Build.0 = Debug|Any CPU
		{71821EE8-9AE5-4CC1-8457-7D0F2FF6FE16}.Release|Any CPU.ActiveCfg = Release|Any CPU
		{71821EE8-9AE5-4CC1-8457-7D0F2FF6FE16}.Release|Any CPU.Build.0 = Release|Any CPU
	EndGlobalSection
	GlobalSection(SolutionProperties) = preSolution
		HideSolutionNode = FALSE
	EndGlobalSection
	GlobalSection(NestedProjects) = preSolution
		{E63EA046-A6F4-41A7-99AA-E77FAEB5E1C7} = {45EF44E1-FE05-406F-B925-C1A9AB7AE8A9}
		{4F189851-9EA3-4D46-8593-C57B680E188D} = {D98CB3F4-061E-4901-BEDE-7F3BBCC9C23C}
		{71821EE8-9AE5-4CC1-8457-7D0F2FF6FE16} = {3DC0D545-8B78-4545-BF38-D8943181643E}
	EndGlobalSection
	GlobalSection(ExtensibilityGlobals) = postSolution
		SolutionGuid = {3E2E45CC-2DCB-475D-8690-DF297957B54A}
	EndGlobalSection
EndGlobal
